{
  "name": "GSTMitra",
  "lockfileVersion": 3,
  "requires": true,
  "packages": {
    "": {
      "dependencies": {
        "nodemailer": "^10.1.0"
      }
    },
    "node_modules/nodemailer": {
      "version": "10.1.0",
      "resolved": "https://registry.npmjs.org/nodemailer/-/nodemailer-10.1.0.tgz",
      "integrity": "sha512-fXW8AulB25aOTuwfRYV6lqHyfz2VM4rr4SGXH03mE7x5znEUpzL5mu6anARUpZN7744Ziwkmr4AxSLPJsBQspg==",
      "license": "MIT-0",
      "engines": {
        "node": ">=20.0.0"
      }
    }
  }
}
